// !$*UTF8*$!
{
	archiveVersion = 1;
	classes = {
	};
	objectVersion = 50;
	objects = {

/* Begin PBXBuildFile section */
		1E1F521825766A2200A4FA2B /* GFItemInfoView.swift in Sources */ = {isa = PBXBuildFile; fileRef = 1E1F521725766A2200A4FA2B /* GFItemInfoView.swift */; };
		1E1F521B257696CB00A4FA2B /* GFItemInfoVC.swift in Sources */ = {isa = PBXBuildFile; fileRef = 1E1F521A257696CB00A4FA2B /* GFItemInfoVC.swift */; };
		1E5A096025717E3300A071DC /* GFAlertContainer.swift in Sources */ = {isa = PBXBuildFile; fileRef = 1E5A095F25717E3300A071DC /* GFAlertContainer.swift */; };
		1E661C5525747FE100C74308 /* GFFollowerCell.swift in Sources */ = {isa = PBXBuildFile; fileRef = 1E661C5425747FE100C74308 /* GFFollowerCell.swift */; };
		1E661C582574805A00C74308 /* GFAvatarImageView.swift in Sources */ = {isa = PBXBuildFile; fileRef = 1E661C572574805A00C74308 /* GFAvatarImageView.swift */; };
		1E661C5C2574920900C74308 /* UIHelper.swift in Sources */ = {isa = PBXBuildFile; fileRef = 1E661C5B2574920900C74308 /* UIHelper.swift */; };
		1E7135952571800E001F4683 /* Follower.swift in Sources */ = {isa = PBXBuildFile; fileRef = 1E7135942571800E001F4683 /* Follower.swift */; };
		1E71359A257181B6001F4683 /* User.swift in Sources */ = {isa = PBXBuildFile; fileRef = 1E713599257181B6001F4683 /* User.swift */; };
		1E71359D2571872D001F4683 /* NetworkManager.swift in Sources */ = {isa = PBXBuildFile; fileRef = 1E71359C2571872D001F4683 /* NetworkManager.swift */; };
		1E862F7B257037FB00FB6B98 /* AppDelegate.swift in Sources */ = {isa = PBXBuildFile; fileRef = 1E862F7A257037FB00FB6B98 /* AppDelegate.swift */; };
		1E862F7D257037FB00FB6B98 /* SceneDelegate.swift in Sources */ = {isa = PBXBuildFile; fileRef = 1E862F7C257037FB00FB6B98 /* SceneDelegate.swift */; };
		1E862F7F257037FB00FB6B98 /* FavouritesListVC.swift in Sources */ = {isa = PBXBuildFile; fileRef = 1E862F7E257037FB00FB6B98 /* FavouritesListVC.swift */; };
		1E862F84257037FC00FB6B98 /* Assets.xcassets in Resources */ = {isa = PBXBuildFile; fileRef = 1E862F83257037FC00FB6B98 /* Assets.xcassets */; };
		1E862F87257037FC00FB6B98 /* LaunchScreen.storyboard in Resources */ = {isa = PBXBuildFile; fileRef = 1E862F85257037FC00FB6B98 /* LaunchScreen.storyboard */; };
		1E862F9225705DC800FB6B98 /* SearchVC.swift in Sources */ = {isa = PBXBuildFile; fileRef = 1E862F9125705DC800FB6B98 /* SearchVC.swift */; };
		1EB45E982571A6DC00CF8E88 /* GFError.swift in Sources */ = {isa = PBXBuildFile; fileRef = 1EB45E972571A6DC00CF8E88 /* GFError.swift */; };
		1EB8788625711E4D0039422E /* GFButton.swift in Sources */ = {isa = PBXBuildFile; fileRef = 1EB8788525711E4D0039422E /* GFButton.swift */; };
		1EB8788B257122500039422E /* GFTextField.swift in Sources */ = {isa = PBXBuildFile; fileRef = 1EB8788A257122500039422E /* GFTextField.swift */; };
		1EB8788F2571315C0039422E /* FollowersListVC.swift in Sources */ = {isa = PBXBuildFile; fileRef = 1EB8788E2571315C0039422E /* FollowersListVC.swift */; };
		1EB87892257146F70039422E /* GFTitleLabel.swift in Sources */ = {isa = PBXBuildFile; fileRef = 1EB87891257146F70039422E /* GFTitleLabel.swift */; };
		1EB878952571484B0039422E /* GFBodyLabel.swift in Sources */ = {isa = PBXBuildFile; fileRef = 1EB878942571484B0039422E /* GFBodyLabel.swift */; };
		1EB87898257148FD0039422E /* GFAlertVC.swift in Sources */ = {isa = PBXBuildFile; fileRef = 1EB87897257148FD0039422E /* GFAlertVC.swift */; };
		1EB8789B25714E630039422E /* ViewController+Ext.swift in Sources */ = {isa = PBXBuildFile; fileRef = 1EB8789A25714E630039422E /* ViewController+Ext.swift */; };
		1ED47B4625770F8D00D1611E /* GFRepoItemVC.swift in Sources */ = {isa = PBXBuildFile; fileRef = 1ED47B4525770F8D00D1611E /* GFRepoItemVC.swift */; };
		1ED47B492577118500D1611E /* GFFollowerItemVC.swift in Sources */ = {isa = PBXBuildFile; fileRef = 1ED47B482577118500D1611E /* GFFollowerItemVC.swift */; };
		1EE0DB3525758661006D39FF /* GFEmptyStateView.swift in Sources */ = {isa = PBXBuildFile; fileRef = 1EE0DB3425758661006D39FF /* GFEmptyStateView.swift */; };
		1EF1EF522575CB20009DDAC4 /* UserInfoVC.swift in Sources */ = {isa = PBXBuildFile; fileRef = 1EF1EF512575CB20009DDAC4 /* UserInfoVC.swift */; };
		1EF1EF552575D8D5009DDAC4 /* GFUserInfoHeaderVC.swift in Sources */ = {isa = PBXBuildFile; fileRef = 1EF1EF542575D8D5009DDAC4 /* GFUserInfoHeaderVC.swift */; };
		1EF1EF582575D925009DDAC4 /* GFSecondaryTitleLabel.swift in Sources */ = {isa = PBXBuildFile; fileRef = 1EF1EF572575D925009DDAC4 /* GFSecondaryTitleLabel.swift */; };
		1EF1EF5C2575DF49009DDAC4 /* Constants.swift in Sources */ = {isa = PBXBuildFile; fileRef = 1EF1EF5B2575DF49009DDAC4 /* Constants.swift */; };
		1EF1EF602575E3AD009DDAC4 /* View+Ext.swift in Sources */ = {isa = PBXBuildFile; fileRef = 1EF1EF5F2575E3AD009DDAC4 /* View+Ext.swift */; };
/* End PBXBuildFile section */

/* Begin PBXFileReference section */
		1E1F521725766A2200A4FA2B /* GFItemInfoView.swift */ = {isa = PBXFileReference; lastKnownFileType = sourcecode.swift; path = GFItemInfoView.swift; sourceTree = "<group>"; };
		1E1F521A257696CB00A4FA2B /* GFItemInfoVC.swift */ = {isa = PBXFileReference; lastKnownFileType = sourcecode.swift; path = GFItemInfoVC.swift; sourceTree = "<group>"; };
		1E5A095F25717E3300A071DC /* GFAlertContainer.swift */ = {isa = PBXFileReference; lastKnownFileType = sourcecode.swift; path = GFAlertContainer.swift; sourceTree = "<group>"; };
		1E661C5425747FE100C74308 /* GFFollowerCell.swift */ = {isa = PBXFileReference; lastKnownFileType = sourcecode.swift; path = GFFollowerCell.swift; sourceTree = "<group>"; };
		1E661C572574805A00C74308 /* GFAvatarImageView.swift */ = {isa = PBXFileReference; lastKnownFileType = sourcecode.swift; path = GFAvatarImageView.swift; sourceTree = "<group>"; };
		1E661C5B2574920900C74308 /* UIHelper.swift */ = {isa = PBXFileReference; lastKnownFileType = sourcecode.swift; path = UIHelper.swift; sourceTree = "<group>"; };
		1E7135942571800E001F4683 /* Follower.swift */ = {isa = PBXFileReference; lastKnownFileType = sourcecode.swift; path = Follower.swift; sourceTree = "<group>"; };
		1E713599257181B6001F4683 /* User.swift */ = {isa = PBXFileReference; lastKnownFileType = sourcecode.swift; path = User.swift; sourceTree = "<group>"; };
		1E71359C2571872D001F4683 /* NetworkManager.swift */ = {isa = PBXFileReference; lastKnownFileType = sourcecode.swift; path = NetworkManager.swift; sourceTree = "<group>"; };
		1E862F77257037FB00FB6B98 /* GHFollowers.app */ = {isa = PBXFileReference; explicitFileType = wrapper.application; includeInIndex = 0; path = GHFollowers.app; sourceTree = BUILT_PRODUCTS_DIR; };
		1E862F7A257037FB00FB6B98 /* AppDelegate.swift */ = {isa = PBXFileReference; lastKnownFileType = sourcecode.swift; path = AppDelegate.swift; sourceTree = "<group>"; };
		1E862F7C257037FB00FB6B98 /* SceneDelegate.swift */ = {isa = PBXFileReference; lastKnownFileType = sourcecode.swift; path = SceneDelegate.swift; sourceTree = "<group>"; };
		1E862F7E257037FB00FB6B98 /* FavouritesListVC.swift */ = {isa = PBXFileReference; lastKnownFileType = sourcecode.swift; path = FavouritesListVC.swift; sourceTree = "<group>"; };
		1E862F83257037FC00FB6B98 /* Assets.xcassets */ = {isa = PBXFileReference; lastKnownFileType = folder.assetcatalog; path = Assets.xcassets; sourceTree = "<group>"; };
		1E862F86257037FC00FB6B98 /* Base */ = {isa = PBXFileReference; lastKnownFileType = file.storyboard; name = Base; path = Base.lproj/LaunchScreen.storyboard; sourceTree = "<group>"; };
		1E862F88257037FC00FB6B98 /* Info.plist */ = {isa = PBXFileReference; lastKnownFileType = text.plist.xml; path = Info.plist; sourceTree = "<group>"; };
		1E862F9125705DC800FB6B98 /* SearchVC.swift */ = {isa = PBXFileReference; lastKnownFileType = sourcecode.swift; path = SearchVC.swift; sourceTree = "<group>"; };
		1EB45E972571A6DC00CF8E88 /* GFError.swift */ = {isa = PBXFileReference; lastKnownFileType = sourcecode.swift; path = GFError.swift; sourceTree = "<group>"; };
		1EB8788525711E4D0039422E /* GFButton.swift */ = {isa = PBXFileReference; lastKnownFileType = sourcecode.swift; path = GFButton.swift; sourceTree = "<group>"; };
		1EB8788A257122500039422E /* GFTextField.swift */ = {isa = PBXFileReference; lastKnownFileType = sourcecode.swift; path = GFTextField.swift; sourceTree = "<group>"; };
		1EB8788E2571315C0039422E /* FollowersListVC.swift */ = {isa = PBXFileReference; lastKnownFileType = sourcecode.swift; path = FollowersListVC.swift; sourceTree = "<group>"; };
		1EB87891257146F70039422E /* GFTitleLabel.swift */ = {isa = PBXFileReference; lastKnownFileType = sourcecode.swift; path = GFTitleLabel.swift; sourceTree = "<group>"; };
		1EB878942571484B0039422E /* GFBodyLabel.swift */ = {isa = PBXFileReference; lastKnownFileType = sourcecode.swift; path = GFBodyLabel.swift; sourceTree = "<group>"; };
		1EB87897257148FD0039422E /* GFAlertVC.swift */ = {isa = PBXFileReference; lastKnownFileType = sourcecode.swift; path = GFAlertVC.swift; sourceTree = "<group>"; };
		1EB8789A25714E630039422E /* ViewController+Ext.swift */ = {isa = PBXFileReference; lastKnownFileType = sourcecode.swift; path = "ViewController+Ext.swift"; sourceTree = "<group>"; };
		1ED47B4525770F8D00D1611E /* GFRepoItemVC.swift */ = {isa = PBXFileReference; lastKnownFileType = sourcecode.swift; path = GFRepoItemVC.swift; sourceTree = "<group>"; };
		1ED47B482577118500D1611E /* GFFollowerItemVC.swift */ = {isa = PBXFileReference; lastKnownFileType = sourcecode.swift; path = GFFollowerItemVC.swift; sourceTree = "<group>"; };
		1EE0DB3425758661006D39FF /* GFEmptyStateView.swift */ = {isa = PBXFileReference; lastKnownFileType = sourcecode.swift; path = GFEmptyStateView.swift; sourceTree = "<group>"; };
		1EF1EF512575CB20009DDAC4 /* UserInfoVC.swift */ = {isa = PBXFileReference; lastKnownFileType = sourcecode.swift; path = UserInfoVC.swift; sourceTree = "<group>"; };
		1EF1EF542575D8D5009DDAC4 /* GFUserInfoHeaderVC.swift */ = {isa = PBXFileReference; lastKnownFileType = sourcecode.swift; path = GFUserInfoHeaderVC.swift; sourceTree = "<group>"; };
		1EF1EF572575D925009DDAC4 /* GFSecondaryTitleLabel.swift */ = {isa = PBXFileReference; lastKnownFileType = sourcecode.swift; path = GFSecondaryTitleLabel.swift; sourceTree = "<group>"; };
		1EF1EF5B2575DF49009DDAC4 /* Constants.swift */ = {isa = PBXFileReference; lastKnownFileType = sourcecode.swift; path = Constants.swift; sourceTree = "<group>"; };
		1EF1EF5F2575E3AD009DDAC4 /* View+Ext.swift */ = {isa = PBXFileReference; lastKnownFileType = sourcecode.swift; path = "View+Ext.swift"; sourceTree = "<group>"; };
/* End PBXFileReference section */

/* Begin PBXFrameworksBuildPhase section */
		1E862F74257037FB00FB6B98 /* Frameworks */ = {
			isa = PBXFrameworksBuildPhase;
			buildActionMask = 2147483647;
			files = (
			);
			runOnlyForDeploymentPostprocessing = 0;
		};
/* End PBXFrameworksBuildPhase section */

/* Begin PBXGroup section */
		1E5B910725717BA900B5F1CD /* Screens */ = {
			isa = PBXGroup;
			children = (
				1E862F9125705DC800FB6B98 /* SearchVC.swift */,
				1EB8788E2571315C0039422E /* FollowersListVC.swift */,
				1E862F7E257037FB00FB6B98 /* FavouritesListVC.swift */,
				1EF1EF512575CB20009DDAC4 /* UserInfoVC.swift */,
			);
			path = Screens;
			sourceTree = "<group>";
		};
		1E5B910825717BDF00B5F1CD /* Custom Views */ = {
			isa = PBXGroup;
			children = (
				1EE0DB332575861D006D39FF /* Labels */,
				1EE0DB3225758601006D39FF /* View Controllers */,
				1EE0DB31257585FB006D39FF /* ImageViews */,
				1EE0DB30257585F2006D39FF /* TextFields */,
				1EE0DB2F257585ED006D39FF /* Buttons */,
				1EE0DB2E257585E8006D39FF /* Views */,
				1E661C5325747FBF00C74308 /* Cells */,
			);
			path = "Custom Views";
			sourceTree = "<group>";
		};
		1E5B910925717C0B00B5F1CD /* Extensions */ = {
			isa = PBXGroup;
			children = (
				1EB8789A25714E630039422E /* ViewController+Ext.swift */,
				1EF1EF5F2575E3AD009DDAC4 /* View+Ext.swift */,
			);
			path = Extensions;
			sourceTree = "<group>";
		};
		1E5B910A25717C6F00B5F1CD /* Support */ = {
			isa = PBXGroup;
			children = (
				1E862F7A257037FB00FB6B98 /* AppDelegate.swift */,
				1E862F7C257037FB00FB6B98 /* SceneDelegate.swift */,
				1E862F83257037FC00FB6B98 /* Assets.xcassets */,
				1E862F85257037FC00FB6B98 /* LaunchScreen.storyboard */,
				1E862F88257037FC00FB6B98 /* Info.plist */,
			);
			path = Support;
			sourceTree = "<group>";
		};
		1E661C5325747FBF00C74308 /* Cells */ = {
			isa = PBXGroup;
			children = (
				1E661C5425747FE100C74308 /* GFFollowerCell.swift */,
			);
			path = Cells;
			sourceTree = "<group>";
		};
		1E661C5A257491F600C74308 /* UI Helpers */ = {
			isa = PBXGroup;
			children = (
				1E661C5B2574920900C74308 /* UIHelper.swift */,
			);
			path = "UI Helpers";
			sourceTree = "<group>";
		};
		1E713597257180EA001F4683 /* Model */ = {
			isa = PBXGroup;
			children = (
				1E7135942571800E001F4683 /* Follower.swift */,
				1E713599257181B6001F4683 /* User.swift */,
			);
			path = Model;
			sourceTree = "<group>";
		};
		1E71359F25718813001F4683 /* Managers */ = {
			isa = PBXGroup;
			children = (
				1E71359C2571872D001F4683 /* NetworkManager.swift */,
			);
			path = Managers;
			sourceTree = "<group>";
		};
		1E862F6E257037FB00FB6B98 = {
			isa = PBXGroup;
			children = (
				1E862F79257037FB00FB6B98 /* GHFollowers */,
				1E862F78257037FB00FB6B98 /* Products */,
			);
			sourceTree = "<group>";
		};
		1E862F78257037FB00FB6B98 /* Products */ = {
			isa = PBXGroup;
			children = (
				1E862F77257037FB00FB6B98 /* GHFollowers.app */,
			);
			name = Products;
			sourceTree = "<group>";
		};
		1E862F79257037FB00FB6B98 /* GHFollowers */ = {
			isa = PBXGroup;
			children = (
				1E713597257180EA001F4683 /* Model */,
				1E5B910825717BDF00B5F1CD /* Custom Views */,
				1E5B910725717BA900B5F1CD /* Screens */,
				1E71359F25718813001F4683 /* Managers */,
				1E5B910925717C0B00B5F1CD /* Extensions */,
				1EB45E962571A6C700CF8E88 /* Utilities */,
				1E661C5A257491F600C74308 /* UI Helpers */,
				1E5B910A25717C6F00B5F1CD /* Support */,
			);
			path = GHFollowers;
			sourceTree = "<group>";
		};
		1EB45E962571A6C700CF8E88 /* Utilities */ = {
			isa = PBXGroup;
			children = (
				1EB45E972571A6DC00CF8E88 /* GFError.swift */,
				1EF1EF5B2575DF49009DDAC4 /* Constants.swift */,
			);
			path = Utilities;
			sourceTree = "<group>";
		};
		1ED47B4B257711FB00D1611E /* ItemInfoVCs */ = {
			isa = PBXGroup;
			children = (
				1E1F521A257696CB00A4FA2B /* GFItemInfoVC.swift */,
				1ED47B4525770F8D00D1611E /* GFRepoItemVC.swift */,
				1ED47B482577118500D1611E /* GFFollowerItemVC.swift */,
			);
			path = ItemInfoVCs;
			sourceTree = "<group>";
		};
		1EE0DB2E257585E8006D39FF /* Views */ = {
			isa = PBXGroup;
			children = (
				1E5A095F25717E3300A071DC /* GFAlertContainer.swift */,
				1EE0DB3425758661006D39FF /* GFEmptyStateView.swift */,
				1E1F521725766A2200A4FA2B /* GFItemInfoView.swift */,
			);
			path = Views;
			sourceTree = "<group>";
		};
		1EE0DB2F257585ED006D39FF /* Buttons */ = {
			isa = PBXGroup;
			children = (
				1EB8788525711E4D0039422E /* GFButton.swift */,
			);
			path = Buttons;
			sourceTree = "<group>";
		};
		1EE0DB30257585F2006D39FF /* TextFields */ = {
			isa = PBXGroup;
			children = (
				1EB8788A257122500039422E /* GFTextField.swift */,
			);
			path = TextFields;
			sourceTree = "<group>";
		};
		1EE0DB31257585FB006D39FF /* ImageViews */ = {
			isa = PBXGroup;
			children = (
				1E661C572574805A00C74308 /* GFAvatarImageView.swift */,
			);
			path = ImageViews;
			sourceTree = "<group>";
		};
		1EE0DB3225758601006D39FF /* View Controllers */ = {
			isa = PBXGroup;
			children = (
				1ED47B4B257711FB00D1611E /* ItemInfoVCs */,
				1EB87897257148FD0039422E /* GFAlertVC.swift */,
				1EF1EF542575D8D5009DDAC4 /* GFUserInfoHeaderVC.swift */,
			);
			path = "View Controllers";
			sourceTree = "<group>";
		};
		1EE0DB332575861D006D39FF /* Labels */ = {
			isa = PBXGroup;
			children = (
				1EB87891257146F70039422E /* GFTitleLabel.swift */,
				1EB878942571484B0039422E /* GFBodyLabel.swift */,
				1EF1EF572575D925009DDAC4 /* GFSecondaryTitleLabel.swift */,
			);
			path = Labels;
			sourceTree = "<group>";
		};
/* End PBXGroup section */

/* Begin PBXNativeTarget section */
		1E862F76257037FB00FB6B98 /* GHFollowers */ = {
			isa = PBXNativeTarget;
			buildConfigurationList = 1E862F8B257037FC00FB6B98 /* Build configuration list for PBXNativeTarget "GHFollowers" */;
			buildPhases = (
				1E862F73257037FB00FB6B98 /* Sources */,
				1E862F74257037FB00FB6B98 /* Frameworks */,
				1E862F75257037FB00FB6B98 /* Resources */,
			);
			buildRules = (
			);
			dependencies = (
			);
			name = GHFollowers;
			productName = GHFollowers;
			productReference = 1E862F77257037FB00FB6B98 /* GHFollowers.app */;
			productType = "com.apple.product-type.application";
		};
/* End PBXNativeTarget section */

/* Begin PBXProject section */
		1E862F6F257037FB00FB6B98 /* Project object */ = {
			isa = PBXProject;
			attributes = {
				LastSwiftUpdateCheck = 1220;
				LastUpgradeCheck = 1220;
				TargetAttributes = {
					1E862F76257037FB00FB6B98 = {
						CreatedOnToolsVersion = 12.2;
					};
				};
			};
			buildConfigurationList = 1E862F72257037FB00FB6B98 /* Build configuration list for PBXProject "GHFollowers" */;
			compatibilityVersion = "Xcode 9.3";
			developmentRegion = en;
			hasScannedForEncodings = 0;
			knownRegions = (
				en,
				Base,
			);
			mainGroup = 1E862F6E257037FB00FB6B98;
			productRefGroup = 1E862F78257037FB00FB6B98 /* Products */;
			projectDirPath = "";
			projectRoot = "";
			targets = (
				1E862F76257037FB00FB6B98 /* GHFollowers */,
			);
		};
/* End PBXProject section */

/* Begin PBXResourcesBuildPhase section */
		1E862F75257037FB00FB6B98 /* Resources */ = {
			isa = PBXResourcesBuildPhase;
			buildActionMask = 2147483647;
			files = (
				1E862F87257037FC00FB6B98 /* LaunchScreen.storyboard in Resources */,
				1E862F84257037FC00FB6B98 /* Assets.xcassets in Resources */,
			);
			runOnlyForDeploymentPostprocessing = 0;
		};
/* End PBXResourcesBuildPhase section */

/* Begin PBXSourcesBuildPhase section */
		1E862F73257037FB00FB6B98 /* Sources */ = {
			isa = PBXSourcesBuildPhase;
			buildActionMask = 2147483647;
			files = (
				1EB8788B257122500039422E /* GFTextField.swift in Sources */,
				1EB8788F2571315C0039422E /* FollowersListVC.swift in Sources */,
				1E862F9225705DC800FB6B98 /* SearchVC.swift in Sources */,
				1EF1EF552575D8D5009DDAC4 /* GFUserInfoHeaderVC.swift in Sources */,
				1EB8788625711E4D0039422E /* GFButton.swift in Sources */,
				1EB8789B25714E630039422E /* ViewController+Ext.swift in Sources */,
				1EE0DB3525758661006D39FF /* GFEmptyStateView.swift in Sources */,
				1EF1EF602575E3AD009DDAC4 /* View+Ext.swift in Sources */,
				1E1F521825766A2200A4FA2B /* GFItemInfoView.swift in Sources */,
				1E1F521B257696CB00A4FA2B /* GFItemInfoVC.swift in Sources */,
				1EB87898257148FD0039422E /* GFAlertVC.swift in Sources */,
				1E71359A257181B6001F4683 /* User.swift in Sources */,
				1ED47B4625770F8D00D1611E /* GFRepoItemVC.swift in Sources */,
				1EB878952571484B0039422E /* GFBodyLabel.swift in Sources */,
				1E661C582574805A00C74308 /* GFAvatarImageView.swift in Sources */,
				1E7135952571800E001F4683 /* Follower.swift in Sources */,
				1EF1EF582575D925009DDAC4 /* GFSecondaryTitleLabel.swift in Sources */,
				1EF1EF522575CB20009DDAC4 /* UserInfoVC.swift in Sources */,
				1EB87892257146F70039422E /* GFTitleLabel.swift in Sources */,
				1E862F7F257037FB00FB6B98 /* FavouritesListVC.swift in Sources */,
				1E661C5525747FE100C74308 /* GFFollowerCell.swift in Sources */,
				1E5A096025717E3300A071DC /* GFAlertContainer.swift in Sources */,
				1EB45E982571A6DC00CF8E88 /* GFError.swift in Sources */,
				1E661C5C2574920900C74308 /* UIHelper.swift in Sources */,
				1ED47B492577118500D1611E /* GFFollowerItemVC.swift in Sources */,
				1E71359D2571872D001F4683 /* NetworkManager.swift in Sources */,
				1E862F7B257037FB00FB6B98 /* AppDelegate.swift in Sources */,
				1E862F7D257037FB00FB6B98 /* SceneDelegate.swift in Sources */,
				1EF1EF5C2575DF49009DDAC4 /* Constants.swift in Sources */,
			);
			runOnlyForDeploymentPostprocessing = 0;
		};
/* End PBXSourcesBuildPhase section */

/* Begin PBXVariantGroup section */
		1E862F85257037FC00FB6B98 /* LaunchScreen.storyboard */ = {
			isa = PBXVariantGroup;
			children = (
				1E862F86257037FC00FB6B98 /* Base */,
			);
			name = LaunchScreen.storyboard;
			sourceTree = "<group>";
		};
/* End PBXVariantGroup section */

/* Begin XCBuildConfiguration section */
		1E862F89257037FC00FB6B98 /* Debug */ = {
			isa = XCBuildConfiguration;
			buildSettings = {
				ALWAYS_SEARCH_USER_PATHS = NO;
				CLANG_ANALYZER_NONNULL = YES;
				CLANG_ANALYZER_NUMBER_OBJECT_CONVERSION = YES_AGGRESSIVE;
				CLANG_CXX_LANGUAGE_STANDARD = "gnu++14";
				CLANG_CXX_LIBRARY = "libc++";
				CLANG_ENABLE_MODULES = YES;
				CLANG_ENABLE_OBJC_ARC = YES;
				CLANG_ENABLE_OBJC_WEAK = YES;
				CLANG_WARN_BLOCK_CAPTURE_AUTORELEASING = YES;
				CLANG_WARN_BOOL_CONVERSION = YES;
				CLANG_WARN_COMMA = YES;
				CLANG_WARN_CONSTANT_CONVERSION = YES;
				CLANG_WARN_DEPRECATED_OBJC_IMPLEMENTATIONS = YES;
				CLANG_WARN_DIRECT_OBJC_ISA_USAGE = YES_ERROR;
				CLANG_WARN_DOCUMENTATION_COMMENTS = YES;
				CLANG_WARN_EMPTY_BODY = YES;
				CLANG_WARN_ENUM_CONVERSION = YES;
				CLANG_WARN_INFINITE_RECURSION = YES;
				CLANG_WARN_INT_CONVERSION = YES;
				CLANG_WARN_NON_LITERAL_NULL_CONVERSION = YES;
				CLANG_WARN_OBJC_IMPLICIT_RETAIN_SELF = YES;
				CLANG_WARN_OBJC_LITERAL_CONVERSION = YES;
				CLANG_WARN_OBJC_ROOT_CLASS = YES_ERROR;
				CLANG_WARN_QUOTED_INCLUDE_IN_FRAMEWORK_HEADER = YES;
				CLANG_WARN_RANGE_LOOP_ANALYSIS = YES;
				CLANG_WARN_STRICT_PROTOTYPES = YES;
				CLANG_WARN_SUSPICIOUS_MOVE = YES;
				CLANG_WARN_UNGUARDED_AVAILABILITY = YES_AGGRESSIVE;
				CLANG_WARN_UNREACHABLE_CODE = YES;
				CLANG_WARN__DUPLICATE_METHOD_MATCH = YES;
				COPY_PHASE_STRIP = NO;
				DEBUG_INFORMATION_FORMAT = dwarf;
				ENABLE_STRICT_OBJC_MSGSEND = YES;
				ENABLE_TESTABILITY = YES;
				GCC_C_LANGUAGE_STANDARD = gnu11;
				GCC_DYNAMIC_NO_PIC = NO;
				GCC_NO_COMMON_BLOCKS = YES;
				GCC_OPTIMIZATION_LEVEL = 0;
				GCC_PREPROCESSOR_DEFINITIONS = (
					"DEBUG=1",
					"$(inherited)",
				);
				GCC_WARN_64_TO_32_BIT_CONVERSION = YES;
				GCC_WARN_ABOUT_RETURN_TYPE = YES_ERROR;
				GCC_WARN_UNDECLARED_SELECTOR = YES;
				GCC_WARN_UNINITIALIZED_AUTOS = YES_AGGRESSIVE;
				GCC_WARN_UNUSED_FUNCTION = YES;
				GCC_WARN_UNUSED_VARIABLE = YES;
				IPHONEOS_DEPLOYMENT_TARGET = 14.2;
				MTL_ENABLE_DEBUG_INFO = INCLUDE_SOURCE;
				MTL_FAST_MATH = YES;
				ONLY_ACTIVE_ARCH = YES;
				SDKROOT = iphoneos;
				SWIFT_ACTIVE_COMPILATION_CONDITIONS = DEBUG;
				SWIFT_OPTIMIZATION_LEVEL = "-Onone";
			};
			name = Debug;
		};
		1E862F8A257037FC00FB6B98 /* Release */ = {
			isa = XCBuildConfiguration;
			buildSettings = {
				ALWAYS_SEARCH_USER_PATHS = NO;
				CLANG_ANALYZER_NONNULL = YES;
				CLANG_ANALYZER_NUMBER_OBJECT_CONVERSION = YES_AGGRESSIVE;
				CLANG_CXX_LANGUAGE_STANDARD = "gnu++14";
				CLANG_CXX_LIBRARY = "libc++";
				CLANG_ENABLE_MODULES = YES;
				CLANG_ENABLE_OBJC_ARC = YES;
				CLANG_ENABLE_OBJC_WEAK = YES;
				CLANG_WARN_BLOCK_CAPTURE_AUTORELEASING = YES;
				CLANG_WARN_BOOL_CONVERSION = YES;
				CLANG_WARN_COMMA = YES;
				CLANG_WARN_CONSTANT_CONVERSION = YES;
				CLANG_WARN_DEPRECATED_OBJC_IMPLEMENTATIONS = YES;
				CLANG_WARN_DIRECT_OBJC_ISA_USAGE = YES_ERROR;
				CLANG_WARN_DOCUMENTATION_COMMENTS = YES;
				CLANG_WARN_EMPTY_BODY = YES;
				CLANG_WARN_ENUM_CONVERSION = YES;
				CLANG_WARN_INFINITE_RECURSION = YES;
				CLANG_WARN_INT_CONVERSION = YES;
				CLANG_WARN_NON_LITERAL_NULL_CONVERSION = YES;
				CLANG_WARN_OBJC_IMPLICIT_RETAIN_SELF = YES;
				CLANG_WARN_OBJC_LITERAL_CONVERSION = YES;
				CLANG_WARN_OBJC_ROOT_CLASS = YES_ERROR;
				CLANG_WARN_QUOTED_INCLUDE_IN_FRAMEWORK_HEADER = YES;
				CLANG_WARN_RANGE_LOOP_ANALYSIS = YES;
				CLANG_WARN_STRICT_PROTOTYPES = YES;
				CLANG_WARN_SUSPICIOUS_MOVE = YES;
				CLANG_WARN_UNGUARDED_AVAILABILITY = YES_AGGRESSIVE;
				CLANG_WARN_UNREACHABLE_CODE = YES;
				CLANG_WARN__DUPLICATE_METHOD_MATCH = YES;
				COPY_PHASE_STRIP = NO;
				DEBUG_INFORMATION_FORMAT = "dwarf-with-dsym";
				ENABLE_NS_ASSERTIONS = NO;
				ENABLE_STRICT_OBJC_MSGSEND = YES;
				GCC_C_LANGUAGE_STANDARD = gnu11;
				GCC_NO_COMMON_BLOCKS = YES;
				GCC_WARN_64_TO_32_BIT_CONVERSION = YES;
				GCC_WARN_ABOUT_RETURN_TYPE = YES_ERROR;
				GCC_WARN_UNDECLARED_SELECTOR = YES;
				GCC_WARN_UNINITIALIZED_AUTOS = YES_AGGRESSIVE;
				GCC_WARN_UNUSED_FUNCTION = YES;
				GCC_WARN_UNUSED_VARIABLE = YES;
				IPHONEOS_DEPLOYMENT_TARGET = 14.2;
				MTL_ENABLE_DEBUG_INFO = NO;
				MTL_FAST_MATH = YES;
				SDKROOT = iphoneos;
				SWIFT_COMPILATION_MODE = wholemodule;
				SWIFT_OPTIMIZATION_LEVEL = "-O";
				VALIDATE_PRODUCT = YES;
			};
			name = Release;
		};
		1E862F8C257037FC00FB6B98 /* Debug */ = {
			isa = XCBuildConfiguration;
			buildSettings = {
				ASSETCATALOG_COMPILER_APPICON_NAME = AppIcon;
				ASSETCATALOG_COMPILER_GLOBAL_ACCENT_COLOR_NAME = AccentColor;
				CODE_SIGN_STYLE = Automatic;
				DEVELOPMENT_TEAM = 7QL2BBMJJN;
				INFOPLIST_FILE = GHFollowers/Support/Info.plist;
				LD_RUNPATH_SEARCH_PATHS = (
					"$(inherited)",
					"@executable_path/Frameworks",
				);
				PRODUCT_BUNDLE_IDENTIFIER = com.Rednaxela.GHFollowers;
				PRODUCT_NAME = "$(TARGET_NAME)";
				SWIFT_VERSION = 5.0;
				TARGETED_DEVICE_FAMILY = 1;
			};
			name = Debug;
		};
		1E862F8D257037FC00FB6B98 /* Release */ = {
			isa = XCBuildConfiguration;
			buildSettings = {
				ASSETCATALOG_COMPILER_APPICON_NAME = AppIcon;
				ASSETCATALOG_COMPILER_GLOBAL_ACCENT_COLOR_NAME = AccentColor;
				CODE_SIGN_STYLE = Automatic;
				DEVELOPMENT_TEAM = 7QL2BBMJJN;
				INFOPLIST_FILE = GHFollowers/Support/Info.plist;
				LD_RUNPATH_SEARCH_PATHS = (
					"$(inherited)",
					"@executable_path/Frameworks",
				);
				PRODUCT_BUNDLE_IDENTIFIER = com.Rednaxela.GHFollowers;
				PRODUCT_NAME = "$(TARGET_NAME)";
				SWIFT_VERSION = 5.0;
				TARGETED_DEVICE_FAMILY = 1;
			};
			name = Release;
		};
/* End XCBuildConfiguration section */

/* Begin XCConfigurationList section */
		1E862F72257037FB00FB6B98 /* Build configuration list for PBXProject "GHFollowers" */ = {
			isa = XCConfigurationList;
			buildConfigurations = (
				1E862F89257037FC00FB6B98 /* Debug */,
				1E862F8A257037FC00FB6B98 /* Release */,
			);
			defaultConfigurationIsVisible = 0;
			defaultConfigurationName = Release;
		};
		1E862F8B257037FC00FB6B98 /* Build configuration list for PBXNativeTarget "GHFollowers" */ = {
			isa = XCConfigurationList;
			buildConfigurations = (
				1E862F8C257037FC00FB6B98 /* Debug */,
				1E862F8D257037FC00FB6B98 /* Release */,
			);
			defaultConfigurationIsVisible = 0;
			defaultConfigurationName = Release;
		};
/* End XCConfigurationList section */
	};
	rootObject = 1E862F6F257037FB00FB6B98 /* Project object */;
}
